
Microsoft Visual Studio Solution File, Format Version 12.00
# Visual Studio 15
VisualStudioVersion = 15.0.27130.2010
MinimumVisualStudioVersion = 10.0.40219.1
Project("{FAE04EC0-301F-11D3-BF4B-00C04F79EFBC}") = "SignalR-ChatProject", "SignalR-ChatProject\SignalR-ChatProject.csproj", "{CFE26136-18C0-4844-BC7F-32E48B773C4B}"
EndProject
Global
	GlobalSection(SolutionConfigurationPlatforms) = preSolution
		Debug|Any CPU = Debug|Any CPU
		Release|Any CPU = Release|Any CPU
	EndGlobalSection
	GlobalSection(ProjectConfigurationPlatforms) = postSolution
		{CFE26136-18C0-4844-BC7F-32E48B773C4B}.Debug|Any CPU.ActiveCfg = Debug|Any CPU
		{CFE26136-18C0-4844-BC7F-32E48B773C4B}.Debug|Any CPU.Build.0 = Debug|Any CPU
		{CFE26136-18C0-4844-BC7F-32E48B773C4B}.Release|Any CPU.ActiveCfg = Release|Any CPU
		{CFE26136-18C0-4844-BC7F-32E48B773C4B}.Release|Any CPU.Build.0 = Release|Any CPU
	EndGlobalSection
	GlobalSection(SolutionProperties) = preSolution
		HideSolutionNode = FALSE
	EndGlobalSection
	GlobalSection(ExtensibilityGlobals) = postSolution
		SolutionGuid = {CCB76746-EDB1-4570-8A3E-2CB09464DC95}
	EndGlobalSection
EndGlobal
